{
    "_readme": [
        "This file locks the dependencies of your project to a known state",
        "Read more about it at https://getcomposer.org/doc/01-basic-usage.md#installing-dependencies",
        "This file is @generated automatically"
    ],
    "content-hash": "c03952b712e4f46fa06f0be80f653232",
    "packages": [
        {
            "name": "seven.io/api",
            "version": "v3.0.0",
            "source": {
                "type": "git",
                "url": "https://github.com/seven-io/php-client.git",
                "reference": "8c8739b60c7c8310baa7fed4984225b69d23a7c8"
            },
            "dist": {
                "type": "zip",
                "url": "https://api.github.com/repos/seven-io/php-client/zipball/8c8739b60c7c8310baa7fed4984225b69d23a7c8",
                "reference": "8c8739b60c7c8310baa7fed4984225b69d23a7c8",
                "shasum": ""
            },
            "require": {
                "ext-ctype": "*",
                "ext-curl": "*",
                "ext-json": "*",
                "ext-mbstring": "*",
                "php": ">=7.4"
            },
            "require-dev": {
                "ext-simplexml": "*",
                "ext-soap": "*",
                "ext-xdebug": "*",
                "phpunit/phpunit": "^9"
            },
            "type": "library",
            "autoload": {
                "psr-4": {
                    "Seven\\Api\\": "src/"
                }
            },
            "notification-url": "https://packagist.org/downloads/",
            "license": [
                "MIT"
            ],
            "authors": [
                {
                    "name": "seven communications GmbH & Co. KG",
                    "email": "support@seven.io",
                    "homepage": "https://www.seven.io",
                    "role": "Developer"
                }
            ],
            "description": "Official API Client for requesting the seven.io SMS Gateway.",
            "homepage": "https://github.com/seven-io/php-client",
            "keywords": [
                "2fa",
                "cnam",
                "gateway",
                "hlr",
                "mnp",
                "sms",
                "text2speech",
                "tts"
            ],
            "support": {
                "docs": "https://github.com/seven-io/php-client",
                "email": "support@seven.io",
                "issues": "https://github.com/seven-io/php-client/issues",
                "rss": "https://www.seven.io/en/feed/",
                "source": "https://github.com/seven-io/php-client"
            },
            "time": "2023-09-18T13:18:35+00:00"
        }
    ],
    "packages-dev": [],
    "aliases": [],
    "minimum-stability": "stable",
    "stability-flags": [],
    "prefer-stable": false,
    "prefer-lowest": false,
    "platform": {
        "php": "^8.0"
    },
    "platform-dev": [],
    "plugin-api-version": "2.3.0"
}
